// !$*UTF8*$!
{
	archiveVersion = 1;
	classes = {
	};
	objectVersion = 50;
	objects = {

/* Begin PBXBuildFile section */
		45494C576482B88A90F655B1 /* Pods_Postagram.framework in Frameworks */ = {isa = PBXBuildFile; fileRef = BDDBFA7AF9FB5282B5DE2927 /* Pods_Postagram.framework */; };
		B03481FC223EB79000AEBBB7 /* AppDelegate.swift in Sources */ = {isa = PBXBuildFile; fileRef = B03481FB223EB79000AEBBB7 /* AppDelegate.swift */; };
		B0348203223EB79200AEBBB7 /* Assets.xcassets in Resources */ = {isa = PBXBuildFile; fileRef = B0348202223EB79200AEBBB7 /* Assets.xcassets */; };
		B0348206223EB79200AEBBB7 /* LaunchScreen.storyboard in Resources */ = {isa = PBXBuildFile; fileRef = B0348204223EB79200AEBBB7 /* LaunchScreen.storyboard */; };
		B0348211223EB79200AEBBB7 /* PostagramTests.swift in Sources */ = {isa = PBXBuildFile; fileRef = B0348210223EB79200AEBBB7 /* PostagramTests.swift */; };
		B034821C223EB79200AEBBB7 /* PostagramUITests.swift in Sources */ = {isa = PBXBuildFile; fileRef = B034821B223EB79200AEBBB7 /* PostagramUITests.swift */; };
		B034822A223EBFE800AEBBB7 /* LoginViewController.swift in Sources */ = {isa = PBXBuildFile; fileRef = B0348229223EBFE800AEBBB7 /* LoginViewController.swift */; };
		B034822C223EBFF400AEBBB7 /* FeedViewController.swift in Sources */ = {isa = PBXBuildFile; fileRef = B034822B223EBFF400AEBBB7 /* FeedViewController.swift */; };
		B034822E223EC65100AEBBB7 /* CaptureViewController.swift in Sources */ = {isa = PBXBuildFile; fileRef = B034822D223EC65100AEBBB7 /* CaptureViewController.swift */; };
		B0348230223ECE5100AEBBB7 /* PostCell.swift in Sources */ = {isa = PBXBuildFile; fileRef = B034822F223ECE5100AEBBB7 /* PostCell.swift */; };
		B09BE0E9224C15AF00752AF5 /* Main.storyboard in Resources */ = {isa = PBXBuildFile; fileRef = B09BE0E7224C15AF00752AF5 /* Main.storyboard */; };
		B09BE0EB224C167B00752AF5 /* CommentCell.swift in Sources */ = {isa = PBXBuildFile; fileRef = B09BE0EA224C167B00752AF5 /* CommentCell.swift */; };
		C357D56801214526A7EBDD87 /* Pods_PostagramTests.framework in Frameworks */ = {isa = PBXBuildFile; fileRef = 7E864A3BB3F36A2DBCA8A05A /* Pods_PostagramTests.framework */; };
		CD71E3FC5B3ED7E66372306B /* Pods_PostagramUITests.framework in Frameworks */ = {isa = PBXBuildFile; fileRef = 46684F09B2FFA8058E304BAD /* Pods_PostagramUITests.framework */; };
/* End PBXBuildFile section */

/* Begin PBXContainerItemProxy section */
		B034820D223EB79200AEBBB7 /* PBXContainerItemProxy */ = {
			isa = PBXContainerItemProxy;
			containerPortal = B03481F0223EB79000AEBBB7 /* Project object */;
			proxyType = 1;
			remoteGlobalIDString = B03481F7223EB79000AEBBB7;
			remoteInfo = Postagram;
		};
		B0348218223EB79200AEBBB7 /* PBXContainerItemProxy */ = {
			isa = PBXContainerItemProxy;
			containerPortal = B03481F0223EB79000AEBBB7 /* Project object */;
			proxyType = 1;
			remoteGlobalIDString = B03481F7223EB79000AEBBB7;
			remoteInfo = Postagram;
		};
/* End PBXContainerItemProxy section */

/* Begin PBXFileReference section */
		46684F09B2FFA8058E304BAD /* Pods_PostagramUITests.framework */ = {isa = PBXFileReference; explicitFileType = wrapper.framework; includeInIndex = 0; path = Pods_PostagramUITests.framework; sourceTree = BUILT_PRODUCTS_DIR; };
		7E864A3BB3F36A2DBCA8A05A /* Pods_PostagramTests.framework */ = {isa = PBXFileReference; explicitFileType = wrapper.framework; includeInIndex = 0; path = Pods_PostagramTests.framework; sourceTree = BUILT_PRODUCTS_DIR; };
		9062ACC32933B8B275BD7A23 /* Pods-Postagram.release.xcconfig */ = {isa = PBXFileReference; includeInIndex = 1; lastKnownFileType = text.xcconfig; name = "Pods-Postagram.release.xcconfig"; path = "Pods/Target Support Files/Pods-Postagram/Pods-Postagram.release.xcconfig"; sourceTree = "<group>"; };
		9F00FFA62D39E0D4A75A1A6F /* Pods-PostagramUITests.debug.xcconfig */ = {isa = PBXFileReference; includeInIndex = 1; lastKnownFileType = text.xcconfig; name = "Pods-PostagramUITests.debug.xcconfig"; path = "Pods/Target Support Files/Pods-PostagramUITests/Pods-PostagramUITests.debug.xcconfig"; sourceTree = "<group>"; };
		A3D5E370AE146628956B3A1E /* Pods-PostagramTests.release.xcconfig */ = {isa = PBXFileReference; includeInIndex = 1; lastKnownFileType = text.xcconfig; name = "Pods-PostagramTests.release.xcconfig"; path = "Pods/Target Support Files/Pods-PostagramTests/Pods-PostagramTests.release.xcconfig"; sourceTree = "<group>"; };
		B03481F8223EB79000AEBBB7 /* Postagram.app */ = {isa = PBXFileReference; explicitFileType = wrapper.application; includeInIndex = 0; path = Postagram.app; sourceTree = BUILT_PRODUCTS_DIR; };
		B03481FB223EB79000AEBBB7 /* AppDelegate.swift */ = {isa = PBXFileReference; lastKnownFileType = sourcecode.swift; path = AppDelegate.swift; sourceTree = "<group>"; };
		B0348202223EB79200AEBBB7 /* Assets.xcassets */ = {isa = PBXFileReference; lastKnownFileType = folder.assetcatalog; path = Assets.xcassets; sourceTree = "<group>"; };
		B0348205223EB79200AEBBB7 /* Base */ = {isa = PBXFileReference; lastKnownFileType = file.storyboard; name = Base; path = Base.lproj/LaunchScreen.storyboard; sourceTree = "<group>"; };
		B0348207223EB79200AEBBB7 /* Info.plist */ = {isa = PBXFileReference; lastKnownFileType = text.plist.xml; path = Info.plist; sourceTree = "<group>"; };
		B034820C223EB79200AEBBB7 /* PostagramTests.xctest */ = {isa = PBXFileReference; explicitFileType = wrapper.cfbundle; includeInIndex = 0; path = PostagramTests.xctest; sourceTree = BUILT_PRODUCTS_DIR; };
		B0348210223EB79200AEBBB7 /* PostagramTests.swift */ = {isa = PBXFileReference; lastKnownFileType = sourcecode.swift; path = PostagramTests.swift; sourceTree = "<group>"; };
		B0348212223EB79200AEBBB7 /* Info.plist */ = {isa = PBXFileReference; lastKnownFileType = text.plist.xml; path = Info.plist; sourceTree = "<group>"; };
		B0348217223EB79200AEBBB7 /* PostagramUITests.xctest */ = {isa = PBXFileReference; explicitFileType = wrapper.cfbundle; includeInIndex = 0; path = PostagramUITests.xctest; sourceTree = BUILT_PRODUCTS_DIR; };
		B034821B223EB79200AEBBB7 /* PostagramUITests.swift */ = {isa = PBXFileReference; lastKnownFileType = sourcecode.swift; path = PostagramUITests.swift; sourceTree = "<group>"; };
		B034821D223EB79200AEBBB7 /* Info.plist */ = {isa = PBXFileReference; lastKnownFileType = text.plist.xml; path = Info.plist; sourceTree = "<group>"; };
		B0348229223EBFE800AEBBB7 /* LoginViewController.swift */ = {isa = PBXFileReference; lastKnownFileType = sourcecode.swift; path = LoginViewController.swift; sourceTree = "<group>"; };
		B034822B223EBFF400AEBBB7 /* FeedViewController.swift */ = {isa = PBXFileReference; lastKnownFileType = sourcecode.swift; path = FeedViewController.swift; sourceTree = "<group>"; };
		B034822D223EC65100AEBBB7 /* CaptureViewController.swift */ = {isa = PBXFileReference; lastKnownFileType = sourcecode.swift; path = CaptureViewController.swift; sourceTree = "<group>"; };
		B034822F223ECE5100AEBBB7 /* PostCell.swift */ = {isa = PBXFileReference; lastKnownFileType = sourcecode.swift; path = PostCell.swift; sourceTree = "<group>"; };
		B09BE0E8224C15AF00752AF5 /* Base */ = {isa = PBXFileReference; lastKnownFileType = file.storyboard; name = Base; path = Base.lproj/Main.storyboard; sourceTree = "<group>"; };
		B09BE0EA224C167B00752AF5 /* CommentCell.swift */ = {isa = PBXFileReference; lastKnownFileType = sourcecode.swift; path = CommentCell.swift; sourceTree = "<group>"; };
		BDDBFA7AF9FB5282B5DE2927 /* Pods_Postagram.framework */ = {isa = PBXFileReference; explicitFileType = wrapper.framework; includeInIndex = 0; path = Pods_Postagram.framework; sourceTree = BUILT_PRODUCTS_DIR; };
		C0FC9D2DA506CF90E7DF7382 /* Pods-PostagramTests.debug.xcconfig */ = {isa = PBXFileReference; includeInIndex = 1; lastKnownFileType = text.xcconfig; name = "Pods-PostagramTests.debug.xcconfig"; path = "Pods/Target Support Files/Pods-PostagramTests/Pods-PostagramTests.debug.xcconfig"; sourceTree = "<group>"; };
		CCF362865F8C9C6E9E601544 /* Pods-Postagram.debug.xcconfig */ = {isa = PBXFileReference; includeInIndex = 1; lastKnownFileType = text.xcconfig; name = "Pods-Postagram.debug.xcconfig"; path = "Pods/Target Support Files/Pods-Postagram/Pods-Postagram.debug.xcconfig"; sourceTree = "<group>"; };
		FEC2A1104C3D3D2D067EC8F7 /* Pods-PostagramUITests.release.xcconfig */ = {isa = PBXFileReference; includeInIndex = 1; lastKnownFileType = text.xcconfig; name = "Pods-PostagramUITests.release.xcconfig"; path = "Pods/Target Support Files/Pods-PostagramUITests/Pods-PostagramUITests.release.xcconfig"; sourceTree = "<group>"; };
/* End PBXFileReference section */

/* Begin PBXFrameworksBuildPhase section */
		B03481F5223EB79000AEBBB7 /* Frameworks */ = {
			isa = PBXFrameworksBuildPhase;
			buildActionMask = 2147483647;
			files = (
				45494C576482B88A90F655B1 /* Pods_Postagram.framework in Frameworks */,
			);
			runOnlyForDeploymentPostprocessing = 0;
		};
		B0348209223EB79200AEBBB7 /* Frameworks */ = {
			isa = PBXFrameworksBuildPhase;
			buildActionMask = 2147483647;
			files = (
				C357D56801214526A7EBDD87 /* Pods_PostagramTests.framework in Frameworks */,
			);
			runOnlyForDeploymentPostprocessing = 0;
		};
		B0348214223EB79200AEBBB7 /* Frameworks */ = {
			isa = PBXFrameworksBuildPhase;
			buildActionMask = 2147483647;
			files = (
				CD71E3FC5B3ED7E66372306B /* Pods_PostagramUITests.framework in Frameworks */,
			);
			runOnlyForDeploymentPostprocessing = 0;
		};
/* End PBXFrameworksBuildPhase section */

/* Begin PBXGroup section */
		2D6C9BBB323A97F8F5B96A4E /* Pods */ = {
			isa = PBXGroup;
			children = (
				CCF362865F8C9C6E9E601544 /* Pods-Postagram.debug.xcconfig */,
				9062ACC32933B8B275BD7A23 /* Pods-Postagram.release.xcconfig */,
				C0FC9D2DA506CF90E7DF7382 /* Pods-PostagramTests.debug.xcconfig */,
				A3D5E370AE146628956B3A1E /* Pods-PostagramTests.release.xcconfig */,
				9F00FFA62D39E0D4A75A1A6F /* Pods-PostagramUITests.debug.xcconfig */,
				FEC2A1104C3D3D2D067EC8F7 /* Pods-PostagramUITests.release.xcconfig */,
			);
			name = Pods;
			sourceTree = "<group>";
		};
		9585BC7C75A9140671C92522 /* Frameworks */ = {
			isa = PBXGroup;
			children = (
				BDDBFA7AF9FB5282B5DE2927 /* Pods_Postagram.framework */,
				7E864A3BB3F36A2DBCA8A05A /* Pods_PostagramTests.framework */,
				46684F09B2FFA8058E304BAD /* Pods_PostagramUITests.framework */,
			);
			name = Frameworks;
			sourceTree = "<group>";
		};
		B03481EF223EB79000AEBBB7 = {
			isa = PBXGroup;
			children = (
				B03481FA223EB79000AEBBB7 /* Postagram */,
				B034820F223EB79200AEBBB7 /* PostagramTests */,
				B034821A223EB79200AEBBB7 /* PostagramUITests */,
				B03481F9223EB79000AEBBB7 /* Products */,
				2D6C9BBB323A97F8F5B96A4E /* Pods */,
				9585BC7C75A9140671C92522 /* Frameworks */,
			);
			sourceTree = "<group>";
		};
		B03481F9223EB79000AEBBB7 /* Products */ = {
			isa = PBXGroup;
			children = (
				B03481F8223EB79000AEBBB7 /* Postagram.app */,
				B034820C223EB79200AEBBB7 /* PostagramTests.xctest */,
				B0348217223EB79200AEBBB7 /* PostagramUITests.xctest */,
			);
			name = Products;
			sourceTree = "<group>";
		};
		B03481FA223EB79000AEBBB7 /* Postagram */ = {
			isa = PBXGroup;
			children = (
				B03481FB223EB79000AEBBB7 /* AppDelegate.swift */,
				B0348202223EB79200AEBBB7 /* Assets.xcassets */,
				B09BE0E7224C15AF00752AF5 /* Main.storyboard */,
				B0348204223EB79200AEBBB7 /* LaunchScreen.storyboard */,
				B0348207223EB79200AEBBB7 /* Info.plist */,
				B0348229223EBFE800AEBBB7 /* LoginViewController.swift */,
				B034822B223EBFF400AEBBB7 /* FeedViewController.swift */,
				B034822D223EC65100AEBBB7 /* CaptureViewController.swift */,
				B034822F223ECE5100AEBBB7 /* PostCell.swift */,
				B09BE0EA224C167B00752AF5 /* CommentCell.swift */,
			);
			path = Postagram;
			sourceTree = "<group>";
		};
		B034820F223EB79200AEBBB7 /* PostagramTests */ = {
			isa = PBXGroup;
			children = (
				B0348210223EB79200AEBBB7 /* PostagramTests.swift */,
				B0348212223EB79200AEBBB7 /* Info.plist */,
			);
			path = PostagramTests;
			sourceTree = "<group>";
		};
		B034821A223EB79200AEBBB7 /* PostagramUITests */ = {
			isa = PBXGroup;
			children = (
				B034821B223EB79200AEBBB7 /* PostagramUITests.swift */,
				B034821D223EB79200AEBBB7 /* Info.plist */,
			);
			path = PostagramUITests;
			sourceTree = "<group>";
		};
/* End PBXGroup section */

/* Begin PBXNativeTarget section */
		B03481F7223EB79000AEBBB7 /* Postagram */ = {
			isa = PBXNativeTarget;
			buildConfigurationList = B0348220223EB79200AEBBB7 /* Build configuration list for PBXNativeTarget "Postagram" */;
			buildPhases = (
				2580425EA56E99B78D25D09C /* [CP] Check Pods Manifest.lock */,
				B03481F4223EB79000AEBBB7 /* Sources */,
				B03481F5223EB79000AEBBB7 /* Frameworks */,
				B03481F6223EB79000AEBBB7 /* Resources */,
				12FA83667BD0A0ADEF62F1E7 /* [CP] Embed Pods Frameworks */,
			);
			buildRules = (
			);
			dependencies = (
			);
			name = Postagram;
			productName = Postagram;
			productReference = B03481F8223EB79000AEBBB7 /* Postagram.app */;
			productType = "com.apple.product-type.application";
		};
		B034820B223EB79200AEBBB7 /* PostagramTests */ = {
			isa = PBXNativeTarget;
			buildConfigurationList = B0348223223EB79200AEBBB7 /* Build configuration list for PBXNativeTarget "PostagramTests" */;
			buildPhases = (
				796B1CAC020BFA8913D4C173 /* [CP] Check Pods Manifest.lock */,
				B0348208223EB79200AEBBB7 /* Sources */,
				B0348209223EB79200AEBBB7 /* Frameworks */,
				B034820A223EB79200AEBBB7 /* Resources */,
			);
			buildRules = (
			);
			dependencies = (
				B034820E223EB79200AEBBB7 /* PBXTargetDependency */,
			);
			name = PostagramTests;
			productName = PostagramTests;
			productReference = B034820C223EB79200AEBBB7 /* PostagramTests.xctest */;
			productType = "com.apple.product-type.bundle.unit-test";
		};
		B0348216223EB79200AEBBB7 /* PostagramUITests */ = {
			isa = PBXNativeTarget;
			buildConfigurationList = B0348226223EB79200AEBBB7 /* Build configuration list for PBXNativeTarget "PostagramUITests" */;
			buildPhases = (
				FFEA216F8CB795183EFA7238 /* [CP] Check Pods Manifest.lock */,
				B0348213223EB79200AEBBB7 /* Sources */,
				B0348214223EB79200AEBBB7 /* Frameworks */,
				B0348215223EB79200AEBBB7 /* Resources */,
			);
			buildRules = (
			);
			dependencies = (
				B0348219223EB79200AEBBB7 /* PBXTargetDependency */,
			);
			name = PostagramUITests;
			productName = PostagramUITests;
			productReference = B0348217223EB79200AEBBB7 /* PostagramUITests.xctest */;
			productType = "com.apple.product-type.bundle.ui-testing";
		};
/* End PBXNativeTarget section */

/* Begin PBXProject section */
		B03481F0223EB79000AEBBB7 /* Project object */ = {
			isa = PBXProject;
			attributes = {
				LastSwiftUpdateCheck = 1010;
				LastUpgradeCheck = 1010;
				ORGANIZATIONNAME = "Sheng Liu";
				TargetAttributes = {
					B03481F7223EB79000AEBBB7 = {
						CreatedOnToolsVersion = 10.1;
					};
					B034820B223EB79200AEBBB7 = {
						CreatedOnToolsVersion = 10.1;
						TestTargetID = B03481F7223EB79000AEBBB7;
					};
					B0348216223EB79200AEBBB7 = {
						CreatedOnToolsVersion = 10.1;
						TestTargetID = B03481F7223EB79000AEBBB7;
					};
				};
			};
			buildConfigurationList = B03481F3223EB79000AEBBB7 /* Build configuration list for PBXProject "Postagram" */;
			compatibilityVersion = "Xcode 9.3";
			developmentRegion = en;
			hasScannedForEncodings = 0;
			knownRegions = (
				en,
				Base,
			);
			mainGroup = B03481EF223EB79000AEBBB7;
			productRefGroup = B03481F9223EB79000AEBBB7 /* Products */;
			projectDirPath = "";
			projectRoot = "";
			targets = (
				B03481F7223EB79000AEBBB7 /* Postagram */,
				B034820B223EB79200AEBBB7 /* PostagramTests */,
				B0348216223EB79200AEBBB7 /* PostagramUITests */,
			);
		};
/* End PBXProject section */

/* Begin PBXResourcesBuildPhase section */
		B03481F6223EB79000AEBBB7 /* Resources */ = {
			isa = PBXResourcesBuildPhase;
			buildActionMask = 2147483647;
			files = (
				B09BE0E9224C15AF00752AF5 /* Main.storyboard in Resources */,
				B0348206223EB79200AEBBB7 /* LaunchScreen.storyboard in Resources */,
				B0348203223EB79200AEBBB7 /* Assets.xcassets in Resources */,
			);
			runOnlyForDeploymentPostprocessing = 0;
		};
		B034820A223EB79200AEBBB7 /* Resources */ = {
			isa = PBXResourcesBuildPhase;
			buildActionMask = 2147483647;
			files = (
			);
			runOnlyForDeploymentPostprocessing = 0;
		};
		B0348215223EB79200AEBBB7 /* Resources */ = {
			isa = PBXResourcesBuildPhase;
			buildActionMask = 2147483647;
			files = (
			);
			runOnlyForDeploymentPostprocessing = 0;
		};
/* End PBXResourcesBuildPhase section */

/* Begin PBXShellScriptBuildPhase section */
		12FA83667BD0A0ADEF62F1E7 /* [CP] Embed Pods Frameworks */ = {
			isa = PBXShellScriptBuildPhase;
			buildActionMask = 2147483647;
			files = (
			);
			inputPaths = (
				"${SRCROOT}/Pods/Target Support Files/Pods-Postagram/Pods-Postagram-frameworks.sh",
				"${BUILT_PRODUCTS_DIR}/Alamofire/Alamofire.framework",
				"${BUILT_PRODUCTS_DIR}/AlamofireImage/AlamofireImage.framework",
				"${BUILT_PRODUCTS_DIR}/Bolts/Bolts.framework",
				"${BUILT_PRODUCTS_DIR}/MessageInputBar/MessageInputBar.framework",
				"${BUILT_PRODUCTS_DIR}/Parse/Parse.framework",
			);
			name = "[CP] Embed Pods Frameworks";
			outputPaths = (
				"${TARGET_BUILD_DIR}/${FRAMEWORKS_FOLDER_PATH}/Alamofire.framework",
				"${TARGET_BUILD_DIR}/${FRAMEWORKS_FOLDER_PATH}/AlamofireImage.framework",
				"${TARGET_BUILD_DIR}/${FRAMEWORKS_FOLDER_PATH}/Bolts.framework",
				"${TARGET_BUILD_DIR}/${FRAMEWORKS_FOLDER_PATH}/MessageInputBar.framework",
				"${TARGET_BUILD_DIR}/${FRAMEWORKS_FOLDER_PATH}/Parse.framework",
			);
			runOnlyForDeploymentPostprocessing = 0;
			shellPath = /bin/sh;
			shellScript = "\"${SRCROOT}/Pods/Target Support Files/Pods-Postagram/Pods-Postagram-frameworks.sh\"\n";
			showEnvVarsInLog = 0;
		};
		2580425EA56E99B78D25D09C /* [CP] Check Pods Manifest.lock */ = {
			isa = PBXShellScriptBuildPhase;
			buildActionMask = 2147483647;
			files = (
			);
			inputPaths = (
				"${PODS_PODFILE_DIR_PATH}/Podfile.lock",
				"${PODS_ROOT}/Manifest.lock",
			);
			name = "[CP] Check Pods Manifest.lock";
			outputPaths = (
				"$(DERIVED_FILE_DIR)/Pods-Postagram-checkManifestLockResult.txt",
			);
			runOnlyForDeploymentPostprocessing = 0;
			shellPath = /bin/sh;
			shellScript = "diff \"${PODS_PODFILE_DIR_PATH}/Podfile.lock\" \"${PODS_ROOT}/Manifest.lock\" > /dev/null\nif [ $? != 0 ] ; then\n    # print error to STDERR\n    echo \"error: The sandbox is not in sync with the Podfile.lock. Run 'pod install' or update your CocoaPods installation.\" >&2\n    exit 1\nfi\n# This output is used by Xcode 'outputs' to avoid re-running this script phase.\necho \"SUCCESS\" > \"${SCRIPT_OUTPUT_FILE_0}\"\n";
			showEnvVarsInLog = 0;
		};
		796B1CAC020BFA8913D4C173 /* [CP] Check Pods Manifest.lock */ = {
			isa = PBXShellScriptBuildPhase;
			buildActionMask = 2147483647;
			files = (
			);
			inputPaths = (
				"${PODS_PODFILE_DIR_PATH}/Podfile.lock",
				"${PODS_ROOT}/Manifest.lock",
			);
			name = "[CP] Check Pods Manifest.lock";
			outputPaths = (
				"$(DERIVED_FILE_DIR)/Pods-PostagramTests-checkManifestLockResult.txt",
			);
			runOnlyForDeploymentPostprocessing = 0;
			shellPath = /bin/sh;
			shellScript = "diff \"${PODS_PODFILE_DIR_PATH}/Podfile.lock\" \"${PODS_ROOT}/Manifest.lock\" > /dev/null\nif [ $? != 0 ] ; then\n    # print error to STDERR\n    echo \"error: The sandbox is not in sync with the Podfile.lock. Run 'pod install' or update your CocoaPods installation.\" >&2\n    exit 1\nfi\n# This output is used by Xcode 'outputs' to avoid re-running this script phase.\necho \"SUCCESS\" > \"${SCRIPT_OUTPUT_FILE_0}\"\n";
			showEnvVarsInLog = 0;
		};
		FFEA216F8CB795183EFA7238 /* [CP] Check Pods Manifest.lock */ = {
			isa = PBXShellScriptBuildPhase;
			buildActionMask = 2147483647;
			files = (
			);
			inputPaths = (
				"${PODS_PODFILE_DIR_PATH}/Podfile.lock",
				"${PODS_ROOT}/Manifest.lock",
			);
			name = "[CP] Check Pods Manifest.lock";
			outputPaths = (
				"$(DERIVED_FILE_DIR)/Pods-PostagramUITests-checkManifestLockResult.txt",
			);
			runOnlyForDeploymentPostprocessing = 0;
			shellPath = /bin/sh;
			shellScript = "diff \"${PODS_PODFILE_DIR_PATH}/Podfile.lock\" \"${PODS_ROOT}/Manifest.lock\" > /dev/null\nif [ $? != 0 ] ; then\n    # print error to STDERR\n    echo \"error: The sandbox is not in sync with the Podfile.lock. Run 'pod install' or update your CocoaPods installation.\" >&2\n    exit 1\nfi\n# This output is used by Xcode 'outputs' to avoid re-running this script phase.\necho \"SUCCESS\" > \"${SCRIPT_OUTPUT_FILE_0}\"\n";
			showEnvVarsInLog = 0;
		};
/* End PBXShellScriptBuildPhase section */

/* Begin PBXSourcesBuildPhase section */
		B03481F4223EB79000AEBBB7 /* Sources */ = {
			isa = PBXSourcesBuildPhase;
			buildActionMask = 2147483647;
			files = (
				B034822A223EBFE800AEBBB7 /* LoginViewController.swift in Sources */,
				B034822E223EC65100AEBBB7 /* CaptureViewController.swift in Sources */,
				B034822C223EBFF400AEBBB7 /* FeedViewController.swift in Sources */,
				B03481FC223EB79000AEBBB7 /* AppDelegate.swift in Sources */,
				B0348230223ECE5100AEBBB7 /* PostCell.swift in Sources */,
				B09BE0EB224C167B00752AF5 /* CommentCell.swift in Sources */,
			);
			runOnlyForDeploymentPostprocessing = 0;
		};
		B0348208223EB79200AEBBB7 /* Sources */ = {
			isa = PBXSourcesBuildPhase;
			buildActionMask = 2147483647;
			files = (
				B0348211223EB79200AEBBB7 /* PostagramTests.swift in Sources */,
			);
			runOnlyForDeploymentPostprocessing = 0;
		};
		B0348213223EB79200AEBBB7 /* Sources */ = {
			isa = PBXSourcesBuildPhase;
			buildActionMask = 2147483647;
			files = (
				B034821C223EB79200AEBBB7 /* PostagramUITests.swift in Sources */,
			);
			runOnlyForDeploymentPostprocessing = 0;
		};
/* End PBXSourcesBuildPhase section */

/* Begin PBXTargetDependency section */
		B034820E223EB79200AEBBB7 /* PBXTargetDependency */ = {
			isa = PBXTargetDependency;
			target = B03481F7223EB79000AEBBB7 /* Postagram */;
			targetProxy = B034820D223EB79200AEBBB7 /* PBXContainerItemProxy */;
		};
		B0348219223EB79200AEBBB7 /* PBXTargetDependency */ = {
			isa = PBXTargetDependency;
			target = B03481F7223EB79000AEBBB7 /* Postagram */;
			targetProxy = B0348218223EB79200AEBBB7 /* PBXContainerItemProxy */;
		};
/* End PBXTargetDependency section */

/* Begin PBXVariantGroup section */
		B0348204223EB79200AEBBB7 /* LaunchScreen.storyboard */ = {
			isa = PBXVariantGroup;
			children = (
				B0348205223EB79200AEBBB7 /* Base */,
			);
			name = LaunchScreen.storyboard;
			sourceTree = "<group>";
		};
		B09BE0E7224C15AF00752AF5 /* Main.storyboard */ = {
			isa = PBXVariantGroup;
			children = (
				B09BE0E8224C15AF00752AF5 /* Base */,
			);
			name = Main.storyboard;
			sourceTree = "<group>";
		};
/* End PBXVariantGroup section */

/* Begin XCBuildConfiguration section */
		B034821E223EB79200AEBBB7 /* Debug */ = {
			isa = XCBuildConfiguration;
			buildSettings = {
				ALWAYS_SEARCH_USER_PATHS = NO;
				CLANG_ANALYZER_NONNULL = YES;
				CLANG_ANALYZER_NUMBER_OBJECT_CONVERSION = YES_AGGRESSIVE;
				CLANG_CXX_LANGUAGE_STANDARD = "gnu++14";
				CLANG_CXX_LIBRARY = "libc++";
				CLANG_ENABLE_MODULES = YES;
				CLANG_ENABLE_OBJC_ARC = YES;
				CLANG_ENABLE_OBJC_WEAK = YES;
				CLANG_WARN_BLOCK_CAPTURE_AUTORELEASING = YES;
				CLANG_WARN_BOOL_CONVERSION = YES;
				CLANG_WARN_COMMA = YES;
				CLANG_WARN_CONSTANT_CONVERSION = YES;
				CLANG_WARN_DEPRECATED_OBJC_IMPLEMENTATIONS = YES;
				CLANG_WARN_DIRECT_OBJC_ISA_USAGE = YES_ERROR;
				CLANG_WARN_DOCUMENTATION_COMMENTS = YES;
				CLANG_WARN_EMPTY_BODY = YES;
				CLANG_WARN_ENUM_CONVERSION = YES;
				CLANG_WARN_INFINITE_RECURSION = YES;
				CLANG_WARN_INT_CONVERSION = YES;
				CLANG_WARN_NON_LITERAL_NULL_CONVERSION = YES;
				CLANG_WARN_OBJC_IMPLICIT_RETAIN_SELF = YES;
				CLANG_WARN_OBJC_LITERAL_CONVERSION = YES;
				CLANG_WARN_OBJC_ROOT_CLASS = YES_ERROR;
				CLANG_WARN_RANGE_LOOP_ANALYSIS = YES;
				CLANG_WARN_STRICT_PROTOTYPES = YES;
				CLANG_WARN_SUSPICIOUS_MOVE = YES;
				CLANG_WARN_UNGUARDED_AVAILABILITY = YES_AGGRESSIVE;
				CLANG_WARN_UNREACHABLE_CODE = YES;
				CLANG_WARN__DUPLICATE_METHOD_MATCH = YES;
				CODE_SIGN_IDENTITY = "iPhone Developer";
				COPY_PHASE_STRIP = NO;
				DEBUG_INFORMATION_FORMAT = dwarf;
				ENABLE_STRICT_OBJC_MSGSEND = YES;
				ENABLE_TESTABILITY = YES;
				GCC_C_LANGUAGE_STANDARD = gnu11;
				GCC_DYNAMIC_NO_PIC = NO;
				GCC_NO_COMMON_BLOCKS = YES;
				GCC_OPTIMIZATION_LEVEL = 0;
				GCC_PREPROCESSOR_DEFINITIONS = (
					"DEBUG=1",
					"$(inherited)",
				);
				GCC_WARN_64_TO_32_BIT_CONVERSION = YES;
				GCC_WARN_ABOUT_RETURN_TYPE = YES_ERROR;
				GCC_WARN_UNDECLARED_SELECTOR = YES;
				GCC_WARN_UNINITIALIZED_AUTOS = YES_AGGRESSIVE;
				GCC_WARN_UNUSED_FUNCTION = YES;
				GCC_WARN_UNUSED_VARIABLE = YES;
				IPHONEOS_DEPLOYMENT_TARGET = 12.1;
				MTL_ENABLE_DEBUG_INFO = INCLUDE_SOURCE;
				MTL_FAST_MATH = YES;
				ONLY_ACTIVE_ARCH = YES;
				SDKROOT = iphoneos;
				SWIFT_ACTIVE_COMPILATION_CONDITIONS = DEBUG;
				SWIFT_OPTIMIZATION_LEVEL = "-Onone";
			};
			name = Debug;
		};
		B034821F223EB79200AEBBB7 /* Release */ = {
			isa = XCBuildConfiguration;
			buildSettings = {
				ALWAYS_SEARCH_USER_PATHS = NO;
				CLANG_ANALYZER_NONNULL = YES;
				CLANG_ANALYZER_NUMBER_OBJECT_CONVERSION = YES_AGGRESSIVE;
				CLANG_CXX_LANGUAGE_STANDARD = "gnu++14";
				CLANG_CXX_LIBRARY = "libc++";
				CLANG_ENABLE_MODULES = YES;
				CLANG_ENABLE_OBJC_ARC = YES;
				CLANG_ENABLE_OBJC_WEAK = YES;
				CLANG_WARN_BLOCK_CAPTURE_AUTORELEASING = YES;
				CLANG_WARN_BOOL_CONVERSION = YES;
				CLANG_WARN_COMMA = YES;
				CLANG_WARN_CONSTANT_CONVERSION = YES;
				CLANG_WARN_DEPRECATED_OBJC_IMPLEMENTATIONS = YES;
				CLANG_WARN_DIRECT_OBJC_ISA_USAGE = YES_ERROR;
				CLANG_WARN_DOCUMENTATION_COMMENTS = YES;
				CLANG_WARN_EMPTY_BODY = YES;
				CLANG_WARN_ENUM_CONVERSION = YES;
				CLANG_WARN_INFINITE_RECURSION = YES;
				CLANG_WARN_INT_CONVERSION = YES;
				CLANG_WARN_NON_LITERAL_NULL_CONVERSION = YES;
				CLANG_WARN_OBJC_IMPLICIT_RETAIN_SELF = YES;
				CLANG_WARN_OBJC_LITERAL_CONVERSION = YES;
				CLANG_WARN_OBJC_ROOT_CLASS = YES_ERROR;
				CLANG_WARN_RANGE_LOOP_ANALYSIS = YES;
				CLANG_WARN_STRICT_PROTOTYPES = YES;
				CLANG_WARN_SUSPICIOUS_MOVE = YES;
				CLANG_WARN_UNGUARDED_AVAILABILITY = YES_AGGRESSIVE;
				CLANG_WARN_UNREACHABLE_CODE = YES;
				CLANG_WARN__DUPLICATE_METHOD_MATCH = YES;
				CODE_SIGN_IDENTITY = "iPhone Developer";
				COPY_PHASE_STRIP = NO;
				DEBUG_INFORMATION_FORMAT = "dwarf-with-dsym";
				ENABLE_NS_ASSERTIONS = NO;
				ENABLE_STRICT_OBJC_MSGSEND = YES;
				GCC_C_LANGUAGE_STANDARD = gnu11;
				GCC_NO_COMMON_BLOCKS = YES;
				GCC_WARN_64_TO_32_BIT_CONVERSION = YES;
				GCC_WARN_ABOUT_RETURN_TYPE = YES_ERROR;
				GCC_WARN_UNDECLARED_SELECTOR = YES;
				GCC_WARN_UNINITIALIZED_AUTOS = YES_AGGRESSIVE;
				GCC_WARN_UNUSED_FUNCTION = YES;
				GCC_WARN_UNUSED_VARIABLE = YES;
				IPHONEOS_DEPLOYMENT_TARGET = 12.1;
				MTL_ENABLE_DEBUG_INFO = NO;
				MTL_FAST_MATH = YES;
				SDKROOT = iphoneos;
				SWIFT_COMPILATION_MODE = wholemodule;
				SWIFT_OPTIMIZATION_LEVEL = "-O";
				VALIDATE_PRODUCT = YES;
			};
			name = Release;
		};
		B0348221223EB79200AEBBB7 /* Debug */ = {
			isa = XCBuildConfiguration;
			baseConfigurationReference = CCF362865F8C9C6E9E601544 /* Pods-Postagram.debug.xcconfig */;
			buildSettings = {
				ASSETCATALOG_COMPILER_APPICON_NAME = AppIcon;
				CODE_SIGN_STYLE = Automatic;
				DEVELOPMENT_TEAM = SA5ZC64UTB;
				INFOPLIST_FILE = Postagram/Info.plist;
				LD_RUNPATH_SEARCH_PATHS = (
					"$(inherited)",
					"@executable_path/Frameworks",
				);
				PRODUCT_BUNDLE_IDENTIFIER = "Sheng-Inc..Postagram";
				PRODUCT_NAME = "$(TARGET_NAME)";
				SWIFT_VERSION = 4.2;
				TARGETED_DEVICE_FAMILY = "1,2";
			};
			name = Debug;
		};
		B0348222223EB79200AEBBB7 /* Release */ = {
			isa = XCBuildConfiguration;
			baseConfigurationReference = 9062ACC32933B8B275BD7A23 /* Pods-Postagram.release.xcconfig */;
			buildSettings = {
				ASSETCATALOG_COMPILER_APPICON_NAME = AppIcon;
				CODE_SIGN_STYLE = Automatic;
				DEVELOPMENT_TEAM = SA5ZC64UTB;
				INFOPLIST_FILE = Postagram/Info.plist;
				LD_RUNPATH_SEARCH_PATHS = (
					"$(inherited)",
					"@executable_path/Frameworks",
				);
				PRODUCT_BUNDLE_IDENTIFIER = "Sheng-Inc..Postagram";
				PRODUCT_NAME = "$(TARGET_NAME)";
				SWIFT_VERSION = 4.2;
				TARGETED_DEVICE_FAMILY = "1,2";
			};
			name = Release;
		};
		B0348224223EB79200AEBBB7 /* Debug */ = {
			isa = XCBuildConfiguration;
			baseConfigurationReference = C0FC9D2DA506CF90E7DF7382 /* Pods-PostagramTests.debug.xcconfig */;
			buildSettings = {
				ALWAYS_EMBED_SWIFT_STANDARD_LIBRARIES = YES;
				BUNDLE_LOADER = "$(TEST_HOST)";
				CODE_SIGN_STYLE = Automatic;
				DEVELOPMENT_TEAM = SA5ZC64UTB;
				INFOPLIST_FILE = PostagramTests/Info.plist;
				LD_RUNPATH_SEARCH_PATHS = (
					"$(inherited)",
					"@executable_path/Frameworks",
					"@loader_path/Frameworks",
				);
				PRODUCT_BUNDLE_IDENTIFIER = "Sheng-Inc..PostagramTests";
				PRODUCT_NAME = "$(TARGET_NAME)";
				SWIFT_VERSION = 4.2;
				TARGETED_DEVICE_FAMILY = "1,2";
				TEST_HOST = "$(BUILT_PRODUCTS_DIR)/Postagram.app/Postagram";
			};
			name = Debug;
		};
		B0348225223EB79200AEBBB7 /* Release */ = {
			isa = XCBuildConfiguration;
			baseConfigurationReference = A3D5E370AE146628956B3A1E /* Pods-PostagramTests.release.xcconfig */;
			buildSettings = {
				ALWAYS_EMBED_SWIFT_STANDARD_LIBRARIES = YES;
				BUNDLE_LOADER = "$(TEST_HOST)";
				CODE_SIGN_STYLE = Automatic;
				DEVELOPMENT_TEAM = SA5ZC64UTB;
				INFOPLIST_FILE = PostagramTests/Info.plist;
				LD_RUNPATH_SEARCH_PATHS = (
					"$(inherited)",
					"@executable_path/Frameworks",
					"@loader_path/Frameworks",
				);
				PRODUCT_BUNDLE_IDENTIFIER = "Sheng-Inc..PostagramTests";
				PRODUCT_NAME = "$(TARGET_NAME)";
				SWIFT_VERSION = 4.2;
				TARGETED_DEVICE_FAMILY = "1,2";
				TEST_HOST = "$(BUILT_PRODUCTS_DIR)/Postagram.app/Postagram";
			};
			name = Release;
		};
		B0348227223EB79200AEBBB7 /* Debug */ = {
			isa = XCBuildConfiguration;
			baseConfigurationReference = 9F00FFA62D39E0D4A75A1A6F /* Pods-PostagramUITests.debug.xcconfig */;
			buildSettings = {
				ALWAYS_EMBED_SWIFT_STANDARD_LIBRARIES = YES;
				CODE_SIGN_STYLE = Automatic;
				DEVELOPMENT_TEAM = SA5ZC64UTB;
				INFOPLIST_FILE = PostagramUITests/Info.plist;
				LD_RUNPATH_SEARCH_PATHS = (
					"$(inherited)",
					"@executable_path/Frameworks",
					"@loader_path/Frameworks",
				);
				PRODUCT_BUNDLE_IDENTIFIER = "Sheng-Inc..PostagramUITests";
				PRODUCT_NAME = "$(TARGET_NAME)";
				SWIFT_VERSION = 4.2;
				TARGETED_DEVICE_FAMILY = "1,2";
				TEST_TARGET_NAME = Postagram;
			};
			name = Debug;
		};
		B0348228223EB79200AEBBB7 /* Release */ = {
			isa = XCBuildConfiguration;
			baseConfigurationReference = FEC2A1104C3D3D2D067EC8F7 /* Pods-PostagramUITests.release.xcconfig */;
			buildSettings = {
				ALWAYS_EMBED_SWIFT_STANDARD_LIBRARIES = YES;
				CODE_SIGN_STYLE = Automatic;
				DEVELOPMENT_TEAM = SA5ZC64UTB;
				INFOPLIST_FILE = PostagramUITests/Info.plist;
				LD_RUNPATH_SEARCH_PATHS = (
					"$(inherited)",
					"@executable_path/Frameworks",
					"@loader_path/Frameworks",
				);
				PRODUCT_BUNDLE_IDENTIFIER = "Sheng-Inc..PostagramUITests";
				PRODUCT_NAME = "$(TARGET_NAME)";
				SWIFT_VERSION = 4.2;
				TARGETED_DEVICE_FAMILY = "1,2";
				TEST_TARGET_NAME = Postagram;
			};
			name = Release;
		};
/* End XCBuildConfiguration section */

/* Begin XCConfigurationList section */
		B03481F3223EB79000AEBBB7 /* Build configuration list for PBXProject "Postagram" */ = {
			isa = XCConfigurationList;
			buildConfigurations = (
				B034821E223EB79200AEBBB7 /* Debug */,
				B034821F223EB79200AEBBB7 /* Release */,
			);
			defaultConfigurationIsVisible = 0;
			defaultConfigurationName = Release;
		};
		B0348220223EB79200AEBBB7 /* Build configuration list for PBXNativeTarget "Postagram" */ = {
			isa = XCConfigurationList;
			buildConfigurations = (
				B0348221223EB79200AEBBB7 /* Debug */,
				B0348222223EB79200AEBBB7 /* Release */,
			);
			defaultConfigurationIsVisible = 0;
			defaultConfigurationName = Release;
		};
		B0348223223EB79200AEBBB7 /* Build configuration list for PBXNativeTarget "PostagramTests" */ = {
			isa = XCConfigurationList;
			buildConfigurations = (
				B0348224223EB79200AEBBB7 /* Debug */,
				B0348225223EB79200AEBBB7 /* Release */,
			);
			defaultConfigurationIsVisible = 0;
			defaultConfigurationName = Release;
		};
		B0348226223EB79200AEBBB7 /* Build configuration list for PBXNativeTarget "PostagramUITests" */ = {
			isa = XCConfigurationList;
			buildConfigurations = (
				B0348227223EB79200AEBBB7 /* Debug */,
				B0348228223EB79200AEBBB7 /* Release */,
			);
			defaultConfigurationIsVisible = 0;
			defaultConfigurationName = Release;
		};
/* End XCConfigurationList section */
	};
	rootObject = B03481F0223EB79000AEBBB7 /* Project object */;
}
